
Microsoft Visual Studio Solution File, Format Version 12.00
# Visual Studio 15
VisualStudioVersion = 15.0.28307.960
MinimumVisualStudioVersion = 10.0.40219.1
Project("{FAE04EC0-301F-11D3-BF4B-00C04F79EFBC}") = "CHomework2", "CHomework2\CHomework2.csproj", "{69838BC7-9DE6-4BC7-A9EF-DB7626AB237B}"
EndProject
Global
	GlobalSection(SolutionConfigurationPlatforms) = preSolution
		Debug|Any CPU = Debug|Any CPU
		Release|Any CPU = Release|Any CPU
	EndGlobalSection
	GlobalSection(ProjectConfigurationPlatforms) = postSolution
		{69838BC7-9DE6-4BC7-A9EF-DB7626AB237B}.Debug|Any CPU.ActiveCfg = Debug|Any CPU
		{69838BC7-9DE6-4BC7-A9EF-DB7626AB237B}.Debug|Any CPU.Build.0 = Debug|Any CPU
		{69838BC7-9DE6-4BC7-A9EF-DB7626AB237B}.Release|Any CPU.ActiveCfg = Release|Any CPU
		{69838BC7-9DE6-4BC7-A9EF-DB7626AB237B}.Release|Any CPU.Build.0 = Release|Any CPU
	EndGlobalSection
	GlobalSection(SolutionProperties) = preSolution
		HideSolutionNode = FALSE
	EndGlobalSection
	GlobalSection(ExtensibilityGlobals) = postSolution
		SolutionGuid = {1C1D5EE3-65FB-4433-A6F4-D45D28A75449}
	EndGlobalSection
EndGlobal
